Microsoft Visual Studio Solution File, Format Version 12.00
# Visual Studio Version 17
VisualStudioVersion = 17.5.2.0
MinimumVisualStudioVersion = 10.0.40219.1
Project("{FAE04EC0-301F-11D3-BF4B-00C04F79EFBC}") = "BoardingBee_backend", "BoardingBee_backend\BoardingBee_backend.csproj", "{E6B30BA0-D22F-ACF7-972C-846B999BC885}"
EndProject
Global
	GlobalSection(SolutionConfigurationPlatforms) = preSolution
		Debug|Any CPU = Debug|Any CPU
		Release|Any CPU = Release|Any CPU
	EndGlobalSection
	GlobalSection(ProjectConfigurationPlatforms) = postSolution
		{E6B30BA0-D22F-ACF7-972C-846B999BC885}.Debug|Any CPU.ActiveCfg = Debug|Any CPU
		{E6B30BA0-D22F-ACF7-972C-846B999BC885}.Debug|Any CPU.Build.0 = Debug|Any CPU
		{E6B30BA0-D22F-ACF7-972C-846B999BC885}.Release|Any CPU.ActiveCfg = Release|Any CPU
		{E6B30BA0-D22F-ACF7-972C-846B999BC885}.Release|Any CPU.Build.0 = Release|Any CPU
	EndGlobalSection
	GlobalSection(SolutionProperties) = preSolution
		HideSolutionNode = FALSE
	EndGlobalSection
	GlobalSection(ExtensibilityGlobals) = postSolution
		SolutionGuid = {E3C373BB-F54F-41F1-84BD-6F658604A849}
	EndGlobalSection
EndGlobal
